// !$*UTF8*$!
{
	archiveVersion = 1;
	classes = {
	};
	objectVersion = 77;
	objects = {

/* Begin PBXBuildFile section */
		E83FD6FC2E75F26800478634 /* WidgetKit.framework in Frameworks */ = {isa = PBXBuildFile; fileRef = E83FD6FB2E75F26800478634 /* WidgetKit.framework */; };
		E83FD6FE2E75F26800478634 /* SwiftUI.framework in Frameworks */ = {isa = PBXBuildFile; fileRef = E83FD6FD2E75F26800478634 /* SwiftUI.framework */; };
		E83FD70F2E75F26900478634 /* RepTimerWidgetExtension.appex in Embed Foundation Extensions */ = {isa = PBXBuildFile; fileRef = E83FD6F92E75F26800478634 /* RepTimerWidgetExtension.appex */; settings = {ATTRIBUTES = (RemoveHeadersOnCopy, ); }; };
/* End PBXBuildFile section */

/* Begin PBXContainerItemProxy section */
		E83FD70D2E75F26900478634 /* PBXContainerItemProxy */ = {
			isa = PBXContainerItemProxy;
			containerPortal = E86C8A462E6F73E40011A223 /* Project object */;
			proxyType = 1;
			remoteGlobalIDString = E83FD6F82E75F26800478634;
			remoteInfo = RepTimerWidgetExtension;
		};
		E86C8A5C2E6F73E50011A223 /* PBXContainerItemProxy */ = {
			isa = PBXContainerItemProxy;
			containerPortal = E86C8A462E6F73E40011A223 /* Project object */;
			proxyType = 1;
			remoteGlobalIDString = E86C8A4D2E6F73E40011A223;
			remoteInfo = RepTimer;
		};
		E86C8A662E6F73E50011A223 /* PBXContainerItemProxy */ = {
			isa = PBXContainerItemProxy;
			containerPortal = E86C8A462E6F73E40011A223 /* Project object */;
			proxyType = 1;
			remoteGlobalIDString = E86C8A4D2E6F73E40011A223;
			remoteInfo = RepTimer;
		};
/* End PBXContainerItemProxy section */

/* Begin PBXCopyFilesBuildPhase section */
		E83FD7102E75F26900478634 /* Embed Foundation Extensions */ = {
			isa = PBXCopyFilesBuildPhase;
			buildActionMask = 2147483647;
			dstPath = "";
			dstSubfolderSpec = 13;
			files = (
				E83FD70F2E75F26900478634 /* RepTimerWidgetExtension.appex in Embed Foundation Extensions */,
			);
			name = "Embed Foundation Extensions";
			runOnlyForDeploymentPostprocessing = 0;
		};
/* End PBXCopyFilesBuildPhase section */

/* Begin PBXFileReference section */
		E83FD6F92E75F26800478634 /* RepTimerWidgetExtension.appex */ = {isa = PBXFileReference; explicitFileType = "wrapper.app-extension"; includeInIndex = 0; path = RepTimerWidgetExtension.appex; sourceTree = BUILT_PRODUCTS_DIR; };
		E83FD6FB2E75F26800478634 /* WidgetKit.framework */ = {isa = PBXFileReference; lastKnownFileType = wrapper.framework; name = WidgetKit.framework; path = System/Library/Frameworks/WidgetKit.framework; sourceTree = SDKROOT; };
		E83FD6FD2E75F26800478634 /* SwiftUI.framework */ = {isa = PBXFileReference; lastKnownFileType = wrapper.framework; name = SwiftUI.framework; path = System/Library/Frameworks/SwiftUI.framework; sourceTree = SDKROOT; };
		E86C8A4E2E6F73E40011A223 /* RepTimer.app */ = {isa = PBXFileReference; explicitFileType = wrapper.application; includeInIndex = 0; path = RepTimer.app; sourceTree = BUILT_PRODUCTS_DIR; };
		E86C8A5B2E6F73E50011A223 /* RepTimerTests.xctest */ = {isa = PBXFileReference; explicitFileType = wrapper.cfbundle; includeInIndex = 0; path = RepTimerTests.xctest; sourceTree = BUILT_PRODUCTS_DIR; };
		E86C8A652E6F73E50011A223 /* RepTimerUITests.xctest */ = {isa = PBXFileReference; explicitFileType = wrapper.cfbundle; includeInIndex = 0; path = RepTimerUITests.xctest; sourceTree = BUILT_PRODUCTS_DIR; };
/* End PBXFileReference section */

/* Begin PBXFileSystemSynchronizedBuildFileExceptionSet section */
		E83FD7132E75F26900478634 /* Exceptions for "RepTimerWidget" folder in "RepTimerWidgetExtension" target */ = {
			isa = PBXFileSystemSynchronizedBuildFileExceptionSet;
			membershipExceptions = (
				Info.plist,
			);
			target = E83FD6F82E75F26800478634 /* RepTimerWidgetExtension */;
		};
/* End PBXFileSystemSynchronizedBuildFileExceptionSet section */

/* Begin PBXFileSystemSynchronizedRootGroup section */
		E83FD6FF2E75F26800478634 /* RepTimerWidget */ = {
			isa = PBXFileSystemSynchronizedRootGroup;
			exceptions = (
				E83FD7132E75F26900478634 /* Exceptions for "RepTimerWidget" folder in "RepTimerWidgetExtension" target */,
			);
			path = RepTimerWidget;
			sourceTree = "<group>";
		};
		E86C8A502E6F73E40011A223 /* RepTimer */ = {
			isa = PBXFileSystemSynchronizedRootGroup;
			path = RepTimer;
			sourceTree = "<group>";
		};
		E86C8A5E2E6F73E50011A223 /* RepTimerTests */ = {
			isa = PBXFileSystemSynchronizedRootGroup;
			path = RepTimerTests;
			sourceTree = "<group>";
		};
		E86C8A682E6F73E50011A223 /* RepTimerUITests */ = {
			isa = PBXFileSystemSynchronizedRootGroup;
			path = RepTimerUITests;
			sourceTree = "<group>";
		};
/* End PBXFileSystemSynchronizedRootGroup section */

/* Begin PBXFrameworksBuildPhase section */
		E83FD6F62E75F26800478634 /* Frameworks */ = {
			isa = PBXFrameworksBuildPhase;
			buildActionMask = 2147483647;
			files = (
				E83FD6FE2E75F26800478634 /* SwiftUI.framework in Frameworks */,
				E83FD6FC2E75F26800478634 /* WidgetKit.framework in Frameworks */,
			);
			runOnlyForDeploymentPostprocessing = 0;
		};
		E86C8A4B2E6F73E40011A223 /* Frameworks */ = {
			isa = PBXFrameworksBuildPhase;
			buildActionMask = 2147483647;
			files = (
			);
			runOnlyForDeploymentPostprocessing = 0;
		};
		E86C8A582E6F73E50011A223 /* Frameworks */ = {
			isa = PBXFrameworksBuildPhase;
			buildActionMask = 2147483647;
			files = (
			);
			runOnlyForDeploymentPostprocessing = 0;
		};
		E86C8A622E6F73E50011A223 /* Frameworks */ = {
			isa = PBXFrameworksBuildPhase;
			buildActionMask = 2147483647;
			files = (
			);
			runOnlyForDeploymentPostprocessing = 0;
		};
/* End PBXFrameworksBuildPhase section */

/* Begin PBXGroup section */
		E83FD6FA2E75F26800478634 /* Frameworks */ = {
			isa = PBXGroup;
			children = (
				E83FD6FB2E75F26800478634 /* WidgetKit.framework */,
				E83FD6FD2E75F26800478634 /* SwiftUI.framework */,
			);
			name = Frameworks;
			sourceTree = "<group>";
		};
		E86C8A452E6F73E40011A223 = {
			isa = PBXGroup;
			children = (
				E86C8A502E6F73E40011A223 /* RepTimer */,
				E86C8A5E2E6F73E50011A223 /* RepTimerTests */,
				E86C8A682E6F73E50011A223 /* RepTimerUITests */,
				E83FD6FF2E75F26800478634 /* RepTimerWidget */,
				E83FD6FA2E75F26800478634 /* Frameworks */,
				E86C8A4F2E6F73E40011A223 /* Products */,
			);
			sourceTree = "<group>";
		};
		E86C8A4F2E6F73E40011A223 /* Products */ = {
			isa = PBXGroup;
			children = (
				E86C8A4E2E6F73E40011A223 /* RepTimer.app */,
				E86C8A5B2E6F73E50011A223 /* RepTimerTests.xctest */,
				E86C8A652E6F73E50011A223 /* RepTimerUITests.xctest */,
				E83FD6F92E75F26800478634 /* RepTimerWidgetExtension.appex */,
			);
			name = Products;
			sourceTree = "<group>";
		};
/* End PBXGroup section */

/* Begin PBXNativeTarget section */
		E83FD6F82E75F26800478634 /* RepTimerWidgetExtension */ = {
			isa = PBXNativeTarget;
			buildConfigurationList = E83FD7142E75F26900478634 /* Build configuration list for PBXNativeTarget "RepTimerWidgetExtension" */;
			buildPhases = (
				E83FD6F52E75F26800478634 /* Sources */,
				E83FD6F62E75F26800478634 /* Frameworks */,
				E83FD6F72E75F26800478634 /* Resources */,
			);
			buildRules = (
			);
			dependencies = (
			);
			fileSystemSynchronizedGroups = (
				E83FD6FF2E75F26800478634 /* RepTimerWidget */,
			);
			name = RepTimerWidgetExtension;
			packageProductDependencies = (
			);
			productName = RepTimerWidgetExtension;
			productReference = E83FD6F92E75F26800478634 /* RepTimerWidgetExtension.appex */;
			productType = "com.apple.product-type.app-extension";
		};
		E86C8A4D2E6F73E40011A223 /* RepTimer */ = {
			isa = PBXNativeTarget;
			buildConfigurationList = E86C8A6F2E6F73E50011A223 /* Build configuration list for PBXNativeTarget "RepTimer" */;
			buildPhases = (
				E86C8A4A2E6F73E40011A223 /* Sources */,
				E86C8A4B2E6F73E40011A223 /* Frameworks */,
				E86C8A4C2E6F73E40011A223 /* Resources */,
				E83FD7102E75F26900478634 /* Embed Foundation Extensions */,
			);
			buildRules = (
			);
			dependencies = (
				E83FD70E2E75F26900478634 /* PBXTargetDependency */,
			);
			fileSystemSynchronizedGroups = (
				E86C8A502E6F73E40011A223 /* RepTimer */,
			);
			name = RepTimer;
			packageProductDependencies = (
			);
			productName = RepTimer;
			productReference = E86C8A4E2E6F73E40011A223 /* RepTimer.app */;
			productType = "com.apple.product-type.application";
		};
		E86C8A5A2E6F73E50011A223 /* RepTimerTests */ = {
			isa = PBXNativeTarget;
			buildConfigurationList = E86C8A722E6F73E50011A223 /* Build configuration list for PBXNativeTarget "RepTimerTests" */;
			buildPhases = (
				E86C8A572E6F73E50011A223 /* Sources */,
				E86C8A582E6F73E50011A223 /* Frameworks */,
				E86C8A592E6F73E50011A223 /* Resources */,
			);
			buildRules = (
			);
			dependencies = (
				E86C8A5D2E6F73E50011A223 /* PBXTargetDependency */,
			);
			fileSystemSynchronizedGroups = (
				E86C8A5E2E6F73E50011A223 /* RepTimerTests */,
			);
			name = RepTimerTests;
			packageProductDependencies = (
			);
			productName = RepTimerTests;
			productReference = E86C8A5B2E6F73E50011A223 /* RepTimerTests.xctest */;
			productType = "com.apple.product-type.bundle.unit-test";
		};
		E86C8A642E6F73E50011A223 /* RepTimerUITests */ = {
			isa = PBXNativeTarget;
			buildConfigurationList = E86C8A752E6F73E50011A223 /* Build configuration list for PBXNativeTarget "RepTimerUITests" */;
			buildPhases = (
				E86C8A612E6F73E50011A223 /* Sources */,
				E86C8A622E6F73E50011A223 /* Frameworks */,
				E86C8A632E6F73E50011A223 /* Resources */,
			);
			buildRules = (
			);
			dependencies = (
				E86C8A672E6F73E50011A223 /* PBXTargetDependency */,
			);
			fileSystemSynchronizedGroups = (
				E86C8A682E6F73E50011A223 /* RepTimerUITests */,
			);
			name = RepTimerUITests;
			packageProductDependencies = (
			);
			productName = RepTimerUITests;
			productReference = E86C8A652E6F73E50011A223 /* RepTimerUITests.xctest */;
			productType = "com.apple.product-type.bundle.ui-testing";
		};
/* End PBXNativeTarget section */

/* Begin PBXProject section */
		E86C8A462E6F73E40011A223 /* Project object */ = {
			isa = PBXProject;
			attributes = {
				BuildIndependentTargetsInParallel = 1;
				LastSwiftUpdateCheck = 1640;
				LastUpgradeCheck = 1640;
				TargetAttributes = {
					E83FD6F82E75F26800478634 = {
						CreatedOnToolsVersion = 16.4;
					};
					E86C8A4D2E6F73E40011A223 = {
						CreatedOnToolsVersion = 16.4;
					};
					E86C8A5A2E6F73E50011A223 = {
						CreatedOnToolsVersion = 16.4;
						TestTargetID = E86C8A4D2E6F73E40011A223;
					};
					E86C8A642E6F73E50011A223 = {
						CreatedOnToolsVersion = 16.4;
						TestTargetID = E86C8A4D2E6F73E40011A223;
					};
				};
			};
			buildConfigurationList = E86C8A492E6F73E40011A223 /* Build configuration list for PBXProject "RepTimer" */;
			developmentRegion = en;
			hasScannedForEncodings = 0;
			knownRegions = (
				en,
				Base,
			);
			mainGroup = E86C8A452E6F73E40011A223;
			minimizedProjectReferenceProxies = 1;
			preferredProjectObjectVersion = 77;
			productRefGroup = E86C8A4F2E6F73E40011A223 /* Products */;
			projectDirPath = "";
			projectRoot = "";
			targets = (
				E86C8A4D2E6F73E40011A223 /* RepTimer */,
				E86C8A5A2E6F73E50011A223 /* RepTimerTests */,
				E86C8A642E6F73E50011A223 /* RepTimerUITests */,
				E83FD6F82E75F26800478634 /* RepTimerWidgetExtension */,
			);
		};
/* End PBXProject section */

/* Begin PBXResourcesBuildPhase section */
		E83FD6F72E75F26800478634 /* Resources */ = {
			isa = PBXResourcesBuildPhase;
			buildActionMask = 2147483647;
			files = (
			);
			runOnlyForDeploymentPostprocessing = 0;
		};
		E86C8A4C2E6F73E40011A223 /* Resources */ = {
			isa = PBXResourcesBuildPhase;
			buildActionMask = 2147483647;
			files = (
			);
			runOnlyForDeploymentPostprocessing = 0;
		};
		E86C8A592E6F73E50011A223 /* Resources */ = {
			isa = PBXResourcesBuildPhase;
			buildActionMask = 2147483647;
			files = (
			);
			runOnlyForDeploymentPostprocessing = 0;
		};
		E86C8A632E6F73E50011A223 /* Resources */ = {
			isa = PBXResourcesBuildPhase;
			buildActionMask = 2147483647;
			files = (
			);
			runOnlyForDeploymentPostprocessing = 0;
		};
/* End PBXResourcesBuildPhase section */

/* Begin PBXSourcesBuildPhase section */
		E83FD6F52E75F26800478634 /* Sources */ = {
			isa = PBXSourcesBuildPhase;
			buildActionMask = 2147483647;
			files = (
			);
			runOnlyForDeploymentPostprocessing = 0;
		};
		E86C8A4A2E6F73E40011A223 /* Sources */ = {
			isa = PBXSourcesBuildPhase;
			buildActionMask = 2147483647;
			files = (
			);
			runOnlyForDeploymentPostprocessing = 0;
		};
		E86C8A572E6F73E50011A223 /* Sources */ = {
			isa = PBXSourcesBuildPhase;
			buildActionMask = 2147483647;
			files = (
			);
			runOnlyForDeploymentPostprocessing = 0;
		};
		E86C8A612E6F73E50011A223 /* Sources */ = {
			isa = PBXSourcesBuildPhase;
			buildActionMask = 2147483647;
			files = (
			);
			runOnlyForDeploymentPostprocessing = 0;
		};
/* End PBXSourcesBuildPhase section */

/* Begin PBXTargetDependency section */
		E83FD70E2E75F26900478634 /* PBXTargetDependency */ = {
			isa = PBXTargetDependency;
			target = E83FD6F82E75F26800478634 /* RepTimerWidgetExtension */;
			targetProxy = E83FD70D2E75F26900478634 /* PBXContainerItemProxy */;
		};
		E86C8A5D2E6F73E50011A223 /* PBXTargetDependency */ = {
			isa = PBXTargetDependency;
			target = E86C8A4D2E6F73E40011A223 /* RepTimer */;
			targetProxy = E86C8A5C2E6F73E50011A223 /* PBXContainerItemProxy */;
		};
		E86C8A672E6F73E50011A223 /* PBXTargetDependency */ = {
			isa = PBXTargetDependency;
			target = E86C8A4D2E6F73E40011A223 /* RepTimer */;
			targetProxy = E86C8A662E6F73E50011A223 /* PBXContainerItemProxy */;
		};
/* End PBXTargetDependency section */

/* Begin XCBuildConfiguration section */
		E83FD7112E75F26900478634 /* Debug */ = {
			isa = XCBuildConfiguration;
			buildSettings = {
				ASSETCATALOG_COMPILER_GLOBAL_ACCENT_COLOR_NAME = AccentColor;
				ASSETCATALOG_COMPILER_WIDGET_BACKGROUND_COLOR_NAME = WidgetBackground;
				CODE_SIGN_STYLE = Automatic;
				CURRENT_PROJECT_VERSION = 1;
				DEVELOPMENT_TEAM = 9QA9K4TQ94;
				GENERATE_INFOPLIST_FILE = YES;
				INFOPLIST_FILE = RepTimerWidget/Info.plist;
				INFOPLIST_KEY_CFBundleDisplayName = RepTimerWidget;
				INFOPLIST_KEY_NSHumanReadableCopyright = "";
				LD_RUNPATH_SEARCH_PATHS = (
					"$(inherited)",
					"@executable_path/Frameworks",
					"@executable_path/../../Frameworks",
				);
				MARKETING_VERSION = 1.0;
				PRODUCT_BUNDLE_IDENTIFIER = com.kirillpav.RepTimer.RepTimerWidget;
				PRODUCT_NAME = "$(TARGET_NAME)";
				SKIP_INSTALL = YES;
				SWIFT_EMIT_LOC_STRINGS = YES;
				SWIFT_VERSION = 5.0;
				TARGETED_DEVICE_FAMILY = "1,2";
			};
			name = Debug;
		};
		E83FD7122E75F26900478634 /* Release */ = {
			isa = XCBuildConfiguration;
			buildSettings = {
				ASSETCATALOG_COMPILER_GLOBAL_ACCENT_COLOR_NAME = AccentColor;
				ASSETCATALOG_COMPILER_WIDGET_BACKGROUND_COLOR_NAME = WidgetBackground;
				CODE_SIGN_STYLE = Automatic;
				CURRENT_PROJECT_VERSION = 1;
				DEVELOPMENT_TEAM = 9QA9K4TQ94;
				GENERATE_INFOPLIST_FILE = YES;
				INFOPLIST_FILE = RepTimerWidget/Info.plist;
				INFOPLIST_KEY_CFBundleDisplayName = RepTimerWidget;
				INFOPLIST_KEY_NSHumanReadableCopyright = "";
				LD_RUNPATH_SEARCH_PATHS = (
					"$(inherited)",
					"@executable_path/Frameworks",
					"@executable_path/../../Frameworks",
				);
				MARKETING_VERSION = 1.0;
				PRODUCT_BUNDLE_IDENTIFIER = com.kirillpav.RepTimer.RepTimerWidget;
				PRODUCT_NAME = "$(TARGET_NAME)";
				SKIP_INSTALL = YES;
				SWIFT_EMIT_LOC_STRINGS = YES;
				SWIFT_VERSION = 5.0;
				TARGETED_DEVICE_FAMILY = "1,2";
			};
			name = Release;
		};
		E86C8A6D2E6F73E50011A223 /* Debug */ = {
			isa = XCBuildConfiguration;
			buildSettings = {
				ALWAYS_SEARCH_USER_PATHS = NO;
				ASSETCATALOG_COMPILER_GENERATE_SWIFT_ASSET_SYMBOL_EXTENSIONS = YES;
				CLANG_ANALYZER_NONNULL = YES;
				CLANG_ANALYZER_NUMBER_OBJECT_CONVERSION = YES_AGGRESSIVE;
				CLANG_CXX_LANGUAGE_STANDARD = "gnu++20";
				CLANG_ENABLE_MODULES = YES;
				CLANG_ENABLE_OBJC_ARC = YES;
				CLANG_ENABLE_OBJC_WEAK = YES;
				CLANG_WARN_BLOCK_CAPTURE_AUTORELEASING = YES;
				CLANG_WARN_BOOL_CONVERSION = YES;
				CLANG_WARN_COMMA = YES;
				CLANG_WARN_CONSTANT_CONVERSION = YES;
				CLANG_WARN_DEPRECATED_OBJC_IMPLEMENTATIONS = YES;
				CLANG_WARN_DIRECT_OBJC_ISA_USAGE = YES_ERROR;
				CLANG_WARN_DOCUMENTATION_COMMENTS = YES;
				CLANG_WARN_EMPTY_BODY = YES;
				CLANG_WARN_ENUM_CONVERSION = YES;
				CLANG_WARN_INFINITE_RECURSION = YES;
				CLANG_WARN_INT_CONVERSION = YES;
				CLANG_WARN_NON_LITERAL_NULL_CONVERSION = YES;
				CLANG_WARN_OBJC_IMPLICIT_RETAIN_SELF = YES;
				CLANG_WARN_OBJC_LITERAL_CONVERSION = YES;
				CLANG_WARN_OBJC_ROOT_CLASS = YES_ERROR;
				CLANG_WARN_QUOTED_INCLUDE_IN_FRAMEWORK_HEADER = YES;
				CLANG_WARN_RANGE_LOOP_ANALYSIS = YES;
				CLANG_WARN_STRICT_PROTOTYPES = YES;
				CLANG_WARN_SUSPICIOUS_MOVE = YES;
				CLANG_WARN_UNGUARDED_AVAILABILITY = YES_AGGRESSIVE;
				CLANG_WARN_UNREACHABLE_CODE = YES;
				CLANG_WARN__DUPLICATE_METHOD_MATCH = YES;
				COPY_PHASE_STRIP = NO;
				DEBUG_INFORMATION_FORMAT = dwarf;
				DEVELOPMENT_TEAM = 9QA9K4TQ94;
				ENABLE_STRICT_OBJC_MSGSEND = YES;
				ENABLE_TESTABILITY = YES;
				ENABLE_USER_SCRIPT_SANDBOXING = YES;
				GCC_C_LANGUAGE_STANDARD = gnu17;
				GCC_DYNAMIC_NO_PIC = NO;
				GCC_NO_COMMON_BLOCKS = YES;
				GCC_OPTIMIZATION_LEVEL = 0;
				GCC_PREPROCESSOR_DEFINITIONS = (
					"DEBUG=1",
					"$(inherited)",
				);
				GCC_WARN_64_TO_32_BIT_CONVERSION = YES;
				GCC_WARN_ABOUT_RETURN_TYPE = YES_ERROR;
				GCC_WARN_UNDECLARED_SELECTOR = YES;
				GCC_WARN_UNINITIALIZED_AUTOS = YES_AGGRESSIVE;
				GCC_WARN_UNUSED_FUNCTION = YES;
				GCC_WARN_UNUSED_VARIABLE = YES;
				IPHONEOS_DEPLOYMENT_TARGET = 18.5;
				LOCALIZATION_PREFERS_STRING_CATALOGS = YES;
				MTL_ENABLE_DEBUG_INFO = INCLUDE_SOURCE;
				MTL_FAST_MATH = YES;
				ONLY_ACTIVE_ARCH = YES;
				SDKROOT = iphoneos;
				SWIFT_ACTIVE_COMPILATION_CONDITIONS = "DEBUG $(inherited)";
				SWIFT_OPTIMIZATION_LEVEL = "-Onone";
			};
			name = Debug;
		};
		E86C8A6E2E6F73E50011A223 /* Release */ = {
			isa = XCBuildConfiguration;
			buildSettings = {
				ALWAYS_SEARCH_USER_PATHS = NO;
				ASSETCATALOG_COMPILER_GENERATE_SWIFT_ASSET_SYMBOL_EXTENSIONS = YES;
				CLANG_ANALYZER_NONNULL = YES;
				CLANG_ANALYZER_NUMBER_OBJECT_CONVERSION = YES_AGGRESSIVE;
				CLANG_CXX_LANGUAGE_STANDARD = "gnu++20";
				CLANG_ENABLE_MODULES = YES;
				CLANG_ENABLE_OBJC_ARC = YES;
				CLANG_ENABLE_OBJC_WEAK = YES;
				CLANG_WARN_BLOCK_CAPTURE_AUTORELEASING = YES;
				CLANG_WARN_BOOL_CONVERSION = YES;
				CLANG_WARN_COMMA = YES;
				CLANG_WARN_CONSTANT_CONVERSION = YES;
				CLANG_WARN_DEPRECATED_OBJC_IMPLEMENTATIONS = YES;
				CLANG_WARN_DIRECT_OBJC_ISA_USAGE = YES_ERROR;
				CLANG_WARN_DOCUMENTATION_COMMENTS = YES;
				CLANG_WARN_EMPTY_BODY = YES;
				CLANG_WARN_ENUM_CONVERSION = YES;
				CLANG_WARN_INFINITE_RECURSION = YES;
				CLANG_WARN_INT_CONVERSION = YES;
				CLANG_WARN_NON_LITERAL_NULL_CONVERSION = YES;
				CLANG_WARN_OBJC_IMPLICIT_RETAIN_SELF = YES;
				CLANG_WARN_OBJC_LITERAL_CONVERSION = YES;
				CLANG_WARN_OBJC_ROOT_CLASS = YES_ERROR;
				CLANG_WARN_QUOTED_INCLUDE_IN_FRAMEWORK_HEADER = YES;
				CLANG_WARN_RANGE_LOOP_ANALYSIS = YES;
				CLANG_WARN_STRICT_PROTOTYPES = YES;
				CLANG_WARN_SUSPICIOUS_MOVE = YES;
				CLANG_WARN_UNGUARDED_AVAILABILITY = YES_AGGRESSIVE;
				CLANG_WARN_UNREACHABLE_CODE = YES;
				CLANG_WARN__DUPLICATE_METHOD_MATCH = YES;
				COPY_PHASE_STRIP = NO;
				DEBUG_INFORMATION_FORMAT = "dwarf-with-dsym";
				DEVELOPMENT_TEAM = 9QA9K4TQ94;
				ENABLE_NS_ASSERTIONS = NO;
				ENABLE_STRICT_OBJC_MSGSEND = YES;
				ENABLE_USER_SCRIPT_SANDBOXING = YES;
				GCC_C_LANGUAGE_STANDARD = gnu17;
				GCC_NO_COMMON_BLOCKS = YES;
				GCC_WARN_64_TO_32_BIT_CONVERSION = YES;
				GCC_WARN_ABOUT_RETURN_TYPE = YES_ERROR;
				GCC_WARN_UNDECLARED_SELECTOR = YES;
				GCC_WARN_UNINITIALIZED_AUTOS = YES_AGGRESSIVE;
				GCC_WARN_UNUSED_FUNCTION = YES;
				GCC_WARN_UNUSED_VARIABLE = YES;
				IPHONEOS_DEPLOYMENT_TARGET = 18.5;
				LOCALIZATION_PREFERS_STRING_CATALOGS = YES;
				MTL_ENABLE_DEBUG_INFO = NO;
				MTL_FAST_MATH = YES;
				SDKROOT = iphoneos;
				SWIFT_COMPILATION_MODE = wholemodule;
				VALIDATE_PRODUCT = YES;
			};
			name = Release;
		};
		E86C8A702E6F73E50011A223 /* Debug */ = {
			isa = XCBuildConfiguration;
			buildSettings = {
				ASSETCATALOG_COMPILER_APPICON_NAME = AppIcon;
				ASSETCATALOG_COMPILER_GLOBAL_ACCENT_COLOR_NAME = AccentColor;
				ASSETCATALOG_COMPILER_INCLUDE_ALL_APPICON_ASSETS = YES;
				CODE_SIGN_STYLE = Automatic;
				CURRENT_PROJECT_VERSION = 1;
				DEVELOPMENT_TEAM = 9QA9K4TQ94;
				ENABLE_PREVIEWS = YES;
				GENERATE_INFOPLIST_FILE = YES;
				INFOPLIST_KEY_LSApplicationCategoryType = "public.app-category.sports";
				INFOPLIST_KEY_UIApplicationSceneManifest_Generation = YES;
				INFOPLIST_KEY_UIApplicationSupportsIndirectInputEvents = YES;
				INFOPLIST_KEY_UILaunchScreen_Generation = YES;
				INFOPLIST_KEY_UISupportedInterfaceOrientations = UIInterfaceOrientationPortrait;
				INFOPLIST_KEY_UISupportedInterfaceOrientations_iPad = "UIInterfaceOrientationLandscapeLeft UIInterfaceOrientationLandscapeRight UIInterfaceOrientationPortrait UIInterfaceOrientationPortraitUpsideDown";
				"INFOPLIST_KEY_NSSupportsLiveActivities" = YES;
				"INFOPLIST_KEY_NSSupportsLiveActivitiesFrequentUpdates" = YES;
				LD_RUNPATH_SEARCH_PATHS = (
					"$(inherited)",
					"@executable_path/Frameworks",
				);
				MARKETING_VERSION = 1.0;
				PRODUCT_BUNDLE_IDENTIFIER = com.kirillpav.RepTimer;
				PRODUCT_NAME = "$(TARGET_NAME)";
				SUPPORTED_PLATFORMS = "iphoneos iphonesimulator";
				SUPPORTS_MACCATALYST = NO;
				SUPPORTS_MAC_DESIGNED_FOR_IPHONE_IPAD = NO;
				SUPPORTS_XR_DESIGNED_FOR_IPHONE_IPAD = NO;
				SWIFT_EMIT_LOC_STRINGS = YES;
				SWIFT_VERSION = 5.0;
				TARGETED_DEVICE_FAMILY = 1;
			};
			name = Debug;
		};
		E86C8A712E6F73E50011A223 /* Release */ = {
			isa = XCBuildConfiguration;
			buildSettings = {
				ASSETCATALOG_COMPILER_APPICON_NAME = AppIcon;
				ASSETCATALOG_COMPILER_GLOBAL_ACCENT_COLOR_NAME = AccentColor;
				ASSETCATALOG_COMPILER_INCLUDE_ALL_APPICON_ASSETS = YES;
				CODE_SIGN_STYLE = Automatic;
				CURRENT_PROJECT_VERSION = 1;
				DEVELOPMENT_TEAM = 9QA9K4TQ94;
				ENABLE_PREVIEWS = YES;
				GENERATE_INFOPLIST_FILE = YES;
				INFOPLIST_KEY_LSApplicationCategoryType = "public.app-category.sports";
				INFOPLIST_KEY_UIApplicationSceneManifest_Generation = YES;
				INFOPLIST_KEY_UIApplicationSupportsIndirectInputEvents = YES;
				INFOPLIST_KEY_UILaunchScreen_Generation = YES;
				INFOPLIST_KEY_UISupportedInterfaceOrientations = UIInterfaceOrientationPortrait;
				INFOPLIST_KEY_UISupportedInterfaceOrientations_iPad = "UIInterfaceOrientationLandscapeLeft UIInterfaceOrientationLandscapeRight UIInterfaceOrientationPortrait UIInterfaceOrientationPortraitUpsideDown";
				"INFOPLIST_KEY_NSSupportsLiveActivities" = YES;
				"INFOPLIST_KEY_NSSupportsLiveActivitiesFrequentUpdates" = YES;
				LD_RUNPATH_SEARCH_PATHS = (
					"$(inherited)",
					"@executable_path/Frameworks",
				);
				MARKETING_VERSION = 1.0;
				PRODUCT_BUNDLE_IDENTIFIER = com.kirillpav.RepTimer;
				PRODUCT_NAME = "$(TARGET_NAME)";
				SUPPORTED_PLATFORMS = "iphoneos iphonesimulator";
				SUPPORTS_MACCATALYST = NO;
				SUPPORTS_MAC_DESIGNED_FOR_IPHONE_IPAD = NO;
				SUPPORTS_XR_DESIGNED_FOR_IPHONE_IPAD = NO;
				SWIFT_EMIT_LOC_STRINGS = YES;
				SWIFT_VERSION = 5.0;
				TARGETED_DEVICE_FAMILY = 1;
			};
			name = Release;
		};
		E86C8A732E6F73E50011A223 /* Debug */ = {
			isa = XCBuildConfiguration;
			buildSettings = {
				BUNDLE_LOADER = "$(TEST_HOST)";
				CODE_SIGN_STYLE = Automatic;
				CURRENT_PROJECT_VERSION = 1;
				DEVELOPMENT_TEAM = 9QA9K4TQ94;
				GENERATE_INFOPLIST_FILE = YES;
				IPHONEOS_DEPLOYMENT_TARGET = 18.5;
				MARKETING_VERSION = 1.0;
				PRODUCT_BUNDLE_IDENTIFIER = com.kirillpav.RepTimerTests;
				PRODUCT_NAME = "$(TARGET_NAME)";
				SWIFT_EMIT_LOC_STRINGS = NO;
				SWIFT_VERSION = 5.0;
				TARGETED_DEVICE_FAMILY = "1,2";
				TEST_HOST = "$(BUILT_PRODUCTS_DIR)/RepTimer.app/$(BUNDLE_EXECUTABLE_FOLDER_PATH)/RepTimer";
			};
			name = Debug;
		};
		E86C8A742E6F73E50011A223 /* Release */ = {
			isa = XCBuildConfiguration;
			buildSettings = {
				BUNDLE_LOADER = "$(TEST_HOST)";
				CODE_SIGN_STYLE = Automatic;
				CURRENT_PROJECT_VERSION = 1;
				DEVELOPMENT_TEAM = 9QA9K4TQ94;
				GENERATE_INFOPLIST_FILE = YES;
				IPHONEOS_DEPLOYMENT_TARGET = 18.5;
				MARKETING_VERSION = 1.0;
				PRODUCT_BUNDLE_IDENTIFIER = com.kirillpav.RepTimerTests;
				PRODUCT_NAME = "$(TARGET_NAME)";
				SWIFT_EMIT_LOC_STRINGS = NO;
				SWIFT_VERSION = 5.0;
				TARGETED_DEVICE_FAMILY = "1,2";
				TEST_HOST = "$(BUILT_PRODUCTS_DIR)/RepTimer.app/$(BUNDLE_EXECUTABLE_FOLDER_PATH)/RepTimer";
			};
			name = Release;
		};
		E86C8A762E6F73E50011A223 /* Debug */ = {
			isa = XCBuildConfiguration;
			buildSettings = {
				CODE_SIGN_STYLE = Automatic;
				CURRENT_PROJECT_VERSION = 1;
				DEVELOPMENT_TEAM = 9QA9K4TQ94;
				GENERATE_INFOPLIST_FILE = YES;
				MARKETING_VERSION = 1.0;
				PRODUCT_BUNDLE_IDENTIFIER = com.kirillpav.RepTimerUITests;
				PRODUCT_NAME = "$(TARGET_NAME)";
				SWIFT_EMIT_LOC_STRINGS = NO;
				SWIFT_VERSION = 5.0;
				TARGETED_DEVICE_FAMILY = "1,2";
				TEST_TARGET_NAME = RepTimer;
			};
			name = Debug;
		};
		E86C8A772E6F73E50011A223 /* Release */ = {
			isa = XCBuildConfiguration;
			buildSettings = {
				CODE_SIGN_STYLE = Automatic;
				CURRENT_PROJECT_VERSION = 1;
				DEVELOPMENT_TEAM = 9QA9K4TQ94;
				GENERATE_INFOPLIST_FILE = YES;
				MARKETING_VERSION = 1.0;
				PRODUCT_BUNDLE_IDENTIFIER = com.kirillpav.RepTimerUITests;
				PRODUCT_NAME = "$(TARGET_NAME)";
				SWIFT_EMIT_LOC_STRINGS = NO;
				SWIFT_VERSION = 5.0;
				TARGETED_DEVICE_FAMILY = "1,2";
				TEST_TARGET_NAME = RepTimer;
			};
			name = Release;
		};
/* End XCBuildConfiguration section */

/* Begin XCConfigurationList section */
		E83FD7142E75F26900478634 /* Build configuration list for PBXNativeTarget "RepTimerWidgetExtension" */ = {
			isa = XCConfigurationList;
			buildConfigurations = (
				E83FD7112E75F26900478634 /* Debug */,
				E83FD7122E75F26900478634 /* Release */,
			);
			defaultConfigurationIsVisible = 0;
			defaultConfigurationName = Release;
		};
		E86C8A492E6F73E40011A223 /* Build configuration list for PBXProject "RepTimer" */ = {
			isa = XCConfigurationList;
			buildConfigurations = (
				E86C8A6D2E6F73E50011A223 /* Debug */,
				E86C8A6E2E6F73E50011A223 /* Release */,
			);
			defaultConfigurationIsVisible = 0;
			defaultConfigurationName = Release;
		};
		E86C8A6F2E6F73E50011A223 /* Build configuration list for PBXNativeTarget "RepTimer" */ = {
			isa = XCConfigurationList;
			buildConfigurations = (
				E86C8A702E6F73E50011A223 /* Debug */,
				E86C8A712E6F73E50011A223 /* Release */,
			);
			defaultConfigurationIsVisible = 0;
			defaultConfigurationName = Release;
		};
		E86C8A722E6F73E50011A223 /* Build configuration list for PBXNativeTarget "RepTimerTests" */ = {
			isa = XCConfigurationList;
			buildConfigurations = (
				E86C8A732E6F73E50011A223 /* Debug */,
				E86C8A742E6F73E50011A223 /* Release */,
			);
			defaultConfigurationIsVisible = 0;
			defaultConfigurationName = Release;
		};
		E86C8A752E6F73E50011A223 /* Build configuration list for PBXNativeTarget "RepTimerUITests" */ = {
			isa = XCConfigurationList;
			buildConfigurations = (
				E86C8A762E6F73E50011A223 /* Debug */,
				E86C8A772E6F73E50011A223 /* Release */,
			);
			defaultConfigurationIsVisible = 0;
			defaultConfigurationName = Release;
		};
/* End XCConfigurationList section */
	};
	rootObject = E86C8A462E6F73E40011A223 /* Project object */;
}
